
Microsoft Visual Studio Solution File, Format Version 12.00
# Visual Studio Version 17
VisualStudioVersion = 17.11.35312.102
MinimumVisualStudioVersion = 10.0.40219.1
Project("{FAE04EC0-301F-11D3-BF4B-00C04F79EFBC}") = "FLN", "FLN.csproj", "{711980E3-F1CD-4AC6-A3E3-17189A6798CD}"
EndProject
Global
	GlobalSection(SolutionConfigurationPlatforms) = preSolution
		Debug|Any CPU = Debug|Any CPU
		Release|Any CPU = Release|Any CPU
	EndGlobalSection
	GlobalSection(ProjectConfigurationPlatforms) = postSolution
		{711980E3-F1CD-4AC6-A3E3-17189A6798CD}.Debug|Any CPU.ActiveCfg = Debug|Any CPU
		{711980E3-F1CD-4AC6-A3E3-17189A6798CD}.Debug|Any CPU.Build.0 = Debug|Any CPU
		{711980E3-F1CD-4AC6-A3E3-17189A6798CD}.Release|Any CPU.ActiveCfg = Release|Any CPU
		{711980E3-F1CD-4AC6-A3E3-17189A6798CD}.Release|Any CPU.Build.0 = Release|Any CPU
	EndGlobalSection
	GlobalSection(SolutionProperties) = preSolution
		HideSolutionNode = FALSE
	EndGlobalSection
	GlobalSection(ExtensibilityGlobals) = postSolution
		SolutionGuid = {A792DC35-7526-40B1-88D6-47DAFFCFFFB5}
	EndGlobalSection
EndGlobal
